
Microsoft Visual Studio Solution File, Format Version 12.00
# Visual Studio Version 16
VisualStudioVersion = 16.0.30011.22
MinimumVisualStudioVersion = 10.0.40219.1
Project("{FAE04EC0-301F-11D3-BF4B-00C04F79EFBC}") = "JeuWithGuigui3", "JeuWithGuigui3.csproj", "{CF2E2B6C-05BC-43E1-B612-7F3218ED65A9}"
EndProject
Global
	GlobalSection(SolutionConfigurationPlatforms) = preSolution
		Debug|Any CPU = Debug|Any CPU
		Release|Any CPU = Release|Any CPU
	EndGlobalSection
	GlobalSection(ProjectConfigurationPlatforms) = postSolution
		{CF2E2B6C-05BC-43E1-B612-7F3218ED65A9}.Debug|Any CPU.ActiveCfg = Debug|Any CPU
		{CF2E2B6C-05BC-43E1-B612-7F3218ED65A9}.Debug|Any CPU.Build.0 = Debug|Any CPU
		{CF2E2B6C-05BC-43E1-B612-7F3218ED65A9}.Release|Any CPU.ActiveCfg = Release|Any CPU
		{CF2E2B6C-05BC-43E1-B612-7F3218ED65A9}.Release|Any CPU.Build.0 = Release|Any CPU
	EndGlobalSection
	GlobalSection(SolutionProperties) = preSolution
		HideSolutionNode = FALSE
	EndGlobalSection
	GlobalSection(ExtensibilityGlobals) = postSolution
		SolutionGuid = {B12730B0-A0C0-49ED-8C6F-C9472EAC98A7}
	EndGlobalSection
EndGlobal
